// !$*UTF8*$!
{
	archiveVersion = 1;
	classes = {
	};
	objectVersion = 50;
	objects = {

/* Begin PBXBuildFile section */
		1AAC370D253A302300EDD94B /* Animations_SwiftUIApp.swift in Sources */ = {isa = PBXBuildFile; fileRef = 1AAC370C253A302300EDD94B /* Animations_SwiftUIApp.swift */; };
		1AAC3711253A302500EDD94B /* Assets.xcassets in Resources */ = {isa = PBXBuildFile; fileRef = 1AAC3710253A302500EDD94B /* Assets.xcassets */; };
		1AAC3714253A302500EDD94B /* Preview Assets.xcassets in Resources */ = {isa = PBXBuildFile; fileRef = 1AAC3713253A302500EDD94B /* Preview Assets.xcassets */; };
		1AAC371E253A305700EDD94B /* Colors.swift in Sources */ = {isa = PBXBuildFile; fileRef = 1AAC371D253A305700EDD94B /* Colors.swift */; };
		1AAC3723253A307A00EDD94B /* Colors.xcassets in Resources */ = {isa = PBXBuildFile; fileRef = 1AAC3722253A307A00EDD94B /* Colors.xcassets */; };
		1AAC3728253A30AF00EDD94B /* CircleLoader.swift in Sources */ = {isa = PBXBuildFile; fileRef = 1AAC3727253A30AF00EDD94B /* CircleLoader.swift */; };
		1AAC3730253A352700EDD94B /* HeartLoader.swift in Sources */ = {isa = PBXBuildFile; fileRef = 1AAC372F253A352700EDD94B /* HeartLoader.swift */; };
		1AAC3734253A355200EDD94B /* HeartShape.swift in Sources */ = {isa = PBXBuildFile; fileRef = 1AAC3733253A355200EDD94B /* HeartShape.swift */; };
		1AAC373C253AD38D00EDD94B /* Like.swift in Sources */ = {isa = PBXBuildFile; fileRef = 1AAC373B253AD38D00EDD94B /* Like.swift */; };
		1AAC373F253AD6D700EDD94B /* FloatingHeart.swift in Sources */ = {isa = PBXBuildFile; fileRef = 1AAC373E253AD6D700EDD94B /* FloatingHeart.swift */; };
		1AAC3742253AD6F300EDD94B /* HeartImageView.swift in Sources */ = {isa = PBXBuildFile; fileRef = 1AAC3741253AD6F300EDD94B /* HeartImageView.swift */; };
/* End PBXBuildFile section */

/* Begin PBXFileReference section */
		1AAC3709253A302300EDD94B /* Animations-SwiftUI.app */ = {isa = PBXFileReference; explicitFileType = wrapper.application; includeInIndex = 0; path = "Animations-SwiftUI.app"; sourceTree = BUILT_PRODUCTS_DIR; };
		1AAC370C253A302300EDD94B /* Animations_SwiftUIApp.swift */ = {isa = PBXFileReference; lastKnownFileType = sourcecode.swift; path = Animations_SwiftUIApp.swift; sourceTree = "<group>"; };
		1AAC3710253A302500EDD94B /* Assets.xcassets */ = {isa = PBXFileReference; lastKnownFileType = folder.assetcatalog; path = Assets.xcassets; sourceTree = "<group>"; };
		1AAC3713253A302500EDD94B /* Preview Assets.xcassets */ = {isa = PBXFileReference; lastKnownFileType = folder.assetcatalog; path = "Preview Assets.xcassets"; sourceTree = "<group>"; };
		1AAC3715253A302500EDD94B /* Info.plist */ = {isa = PBXFileReference; lastKnownFileType = text.plist.xml; path = Info.plist; sourceTree = "<group>"; };
		1AAC371D253A305700EDD94B /* Colors.swift */ = {isa = PBXFileReference; lastKnownFileType = sourcecode.swift; path = Colors.swift; sourceTree = "<group>"; };
		1AAC3722253A307A00EDD94B /* Colors.xcassets */ = {isa = PBXFileReference; lastKnownFileType = folder.assetcatalog; path = Colors.xcassets; sourceTree = "<group>"; };
		1AAC3727253A30AF00EDD94B /* CircleLoader.swift */ = {isa = PBXFileReference; lastKnownFileType = sourcecode.swift; path = CircleLoader.swift; sourceTree = "<group>"; };
		1AAC372F253A352700EDD94B /* HeartLoader.swift */ = {isa = PBXFileReference; lastKnownFileType = sourcecode.swift; path = HeartLoader.swift; sourceTree = "<group>"; };
		1AAC3733253A355200EDD94B /* HeartShape.swift */ = {isa = PBXFileReference; lastKnownFileType = sourcecode.swift; path = HeartShape.swift; sourceTree = "<group>"; };
		1AAC373B253AD38D00EDD94B /* Like.swift */ = {isa = PBXFileReference; lastKnownFileType = sourcecode.swift; path = Like.swift; sourceTree = "<group>"; };
		1AAC373E253AD6D700EDD94B /* FloatingHeart.swift */ = {isa = PBXFileReference; lastKnownFileType = sourcecode.swift; path = FloatingHeart.swift; sourceTree = "<group>"; };
		1AAC3741253AD6F300EDD94B /* HeartImageView.swift */ = {isa = PBXFileReference; lastKnownFileType = sourcecode.swift; path = HeartImageView.swift; sourceTree = "<group>"; };
/* End PBXFileReference section */

/* Begin PBXFrameworksBuildPhase section */
		1AAC3706253A302300EDD94B /* Frameworks */ = {
			isa = PBXFrameworksBuildPhase;
			buildActionMask = 2147483647;
			files = (
			);
			runOnlyForDeploymentPostprocessing = 0;
		};
/* End PBXFrameworksBuildPhase section */

/* Begin PBXGroup section */
		1AAC3700253A302300EDD94B = {
			isa = PBXGroup;
			children = (
				1AAC370B253A302300EDD94B /* Animations-SwiftUI */,
				1AAC370A253A302300EDD94B /* Products */,
			);
			sourceTree = "<group>";
		};
		1AAC370A253A302300EDD94B /* Products */ = {
			isa = PBXGroup;
			children = (
				1AAC3709253A302300EDD94B /* Animations-SwiftUI.app */,
			);
			name = Products;
			sourceTree = "<group>";
		};
		1AAC370B253A302300EDD94B /* Animations-SwiftUI */ = {
			isa = PBXGroup;
			children = (
				1AAC370C253A302300EDD94B /* Animations_SwiftUIApp.swift */,
				1AAC3725253A308F00EDD94B /* Animations */,
				1AAC371C253A304B00EDD94B /* Util */,
				1AAC3721253A306900EDD94B /* Assets */,
				1AAC3715253A302500EDD94B /* Info.plist */,
				1AAC3712253A302500EDD94B /* Preview Content */,
			);
			path = "Animations-SwiftUI";
			sourceTree = "<group>";
		};
		1AAC3712253A302500EDD94B /* Preview Content */ = {
			isa = PBXGroup;
			children = (
				1AAC3713253A302500EDD94B /* Preview Assets.xcassets */,
			);
			path = "Preview Content";
			sourceTree = "<group>";
		};
		1AAC371C253A304B00EDD94B /* Util */ = {
			isa = PBXGroup;
			children = (
				1AAC371D253A305700EDD94B /* Colors.swift */,
			);
			path = Util;
			sourceTree = "<group>";
		};
		1AAC3721253A306900EDD94B /* Assets */ = {
			isa = PBXGroup;
			children = (
				1AAC3710253A302500EDD94B /* Assets.xcassets */,
				1AAC3722253A307A00EDD94B /* Colors.xcassets */,
			);
			path = Assets;
			sourceTree = "<group>";
		};
		1AAC3725253A308F00EDD94B /* Animations */ = {
			isa = PBXGroup;
			children = (
				1AAC373A253AD37200EDD94B /* Like */,
				1AAC372E253A34ED00EDD94B /* HeartLoader */,
				1AAC3726253A309800EDD94B /* CircleLoader */,
			);
			path = Animations;
			sourceTree = "<group>";
		};
		1AAC3726253A309800EDD94B /* CircleLoader */ = {
			isa = PBXGroup;
			children = (
				1AAC3727253A30AF00EDD94B /* CircleLoader.swift */,
			);
			path = CircleLoader;
			sourceTree = "<group>";
		};
		1AAC372E253A34ED00EDD94B /* HeartLoader */ = {
			isa = PBXGroup;
			children = (
				1AAC372F253A352700EDD94B /* HeartLoader.swift */,
				1AAC3733253A355200EDD94B /* HeartShape.swift */,
			);
			path = HeartLoader;
			sourceTree = "<group>";
		};
		1AAC373A253AD37200EDD94B /* Like */ = {
			isa = PBXGroup;
			children = (
				1AAC373B253AD38D00EDD94B /* Like.swift */,
				1AAC3741253AD6F300EDD94B /* HeartImageView.swift */,
				1AAC373E253AD6D700EDD94B /* FloatingHeart.swift */,
			);
			path = Like;
			sourceTree = "<group>";
		};
/* End PBXGroup section */

/* Begin PBXNativeTarget section */
		1AAC3708253A302300EDD94B /* Animations-SwiftUI */ = {
			isa = PBXNativeTarget;
			buildConfigurationList = 1AAC3718253A302500EDD94B /* Build configuration list for PBXNativeTarget "Animations-SwiftUI" */;
			buildPhases = (
				1AAC3705253A302300EDD94B /* Sources */,
				1AAC3706253A302300EDD94B /* Frameworks */,
				1AAC3707253A302300EDD94B /* Resources */,
			);
			buildRules = (
			);
			dependencies = (
			);
			name = "Animations-SwiftUI";
			productName = "Animations-SwiftUI";
			productReference = 1AAC3709253A302300EDD94B /* Animations-SwiftUI.app */;
			productType = "com.apple.product-type.application";
		};
/* End PBXNativeTarget section */

/* Begin PBXProject section */
		1AAC3701253A302300EDD94B /* Project object */ = {
			isa = PBXProject;
			attributes = {
				LastSwiftUpdateCheck = 1200;
				LastUpgradeCheck = 1200;
				TargetAttributes = {
					1AAC3708253A302300EDD94B = {
						CreatedOnToolsVersion = 12.0.1;
					};
				};
			};
			buildConfigurationList = 1AAC3704253A302300EDD94B /* Build configuration list for PBXProject "Animations-SwiftUI" */;
			compatibilityVersion = "Xcode 9.3";
			developmentRegion = en;
			hasScannedForEncodings = 0;
			knownRegions = (
				en,
				Base,
			);
			mainGroup = 1AAC3700253A302300EDD94B;
			productRefGroup = 1AAC370A253A302300EDD94B /* Products */;
			projectDirPath = "";
			projectRoot = "";
			targets = (
				1AAC3708253A302300EDD94B /* Animations-SwiftUI */,
			);
		};
/* End PBXProject section */

/* Begin PBXResourcesBuildPhase section */
		1AAC3707253A302300EDD94B /* Resources */ = {
			isa = PBXResourcesBuildPhase;
			buildActionMask = 2147483647;
			files = (
				1AAC3723253A307A00EDD94B /* Colors.xcassets in Resources */,
				1AAC3714253A302500EDD94B /* Preview Assets.xcassets in Resources */,
				1AAC3711253A302500EDD94B /* Assets.xcassets in Resources */,
			);
			runOnlyForDeploymentPostprocessing = 0;
		};
/* End PBXResourcesBuildPhase section */

/* Begin PBXSourcesBuildPhase section */
		1AAC3705253A302300EDD94B /* Sources */ = {
			isa = PBXSourcesBuildPhase;
			buildActionMask = 2147483647;
			files = (
				1AAC373C253AD38D00EDD94B /* Like.swift in Sources */,
				1AAC3742253AD6F300EDD94B /* HeartImageView.swift in Sources */,
				1AAC3734253A355200EDD94B /* HeartShape.swift in Sources */,
				1AAC371E253A305700EDD94B /* Colors.swift in Sources */,
				1AAC3728253A30AF00EDD94B /* CircleLoader.swift in Sources */,
				1AAC370D253A302300EDD94B /* Animations_SwiftUIApp.swift in Sources */,
				1AAC373F253AD6D700EDD94B /* FloatingHeart.swift in Sources */,
				1AAC3730253A352700EDD94B /* HeartLoader.swift in Sources */,
			);
			runOnlyForDeploymentPostprocessing = 0;
		};
/* End PBXSourcesBuildPhase section */

/* Begin XCBuildConfiguration section */
		1AAC3716253A302500EDD94B /* Debug */ = {
			isa = XCBuildConfiguration;
			buildSettings = {
				ALWAYS_SEARCH_USER_PATHS = NO;
				CLANG_ANALYZER_NONNULL = YES;
				CLANG_ANALYZER_NUMBER_OBJECT_CONVERSION = YES_AGGRESSIVE;
				CLANG_CXX_LANGUAGE_STANDARD = "gnu++14";
				CLANG_CXX_LIBRARY = "libc++";
				CLANG_ENABLE_MODULES = YES;
				CLANG_ENABLE_OBJC_ARC = YES;
				CLANG_ENABLE_OBJC_WEAK = YES;
				CLANG_WARN_BLOCK_CAPTURE_AUTORELEASING = YES;
				CLANG_WARN_BOOL_CONVERSION = YES;
				CLANG_WARN_COMMA = YES;
				CLANG_WARN_CONSTANT_CONVERSION = YES;
				CLANG_WARN_DEPRECATED_OBJC_IMPLEMENTATIONS = YES;
				CLANG_WARN_DIRECT_OBJC_ISA_USAGE = YES_ERROR;
				CLANG_WARN_DOCUMENTATION_COMMENTS = YES;
				CLANG_WARN_EMPTY_BODY = YES;
				CLANG_WARN_ENUM_CONVERSION = YES;
				CLANG_WARN_INFINITE_RECURSION = YES;
				CLANG_WARN_INT_CONVERSION = YES;
				CLANG_WARN_NON_LITERAL_NULL_CONVERSION = YES;
				CLANG_WARN_OBJC_IMPLICIT_RETAIN_SELF = YES;
				CLANG_WARN_OBJC_LITERAL_CONVERSION = YES;
				CLANG_WARN_OBJC_ROOT_CLASS = YES_ERROR;
				CLANG_WARN_QUOTED_INCLUDE_IN_FRAMEWORK_HEADER = YES;
				CLANG_WARN_RANGE_LOOP_ANALYSIS = YES;
				CLANG_WARN_STRICT_PROTOTYPES = YES;
				CLANG_WARN_SUSPICIOUS_MOVE = YES;
				CLANG_WARN_UNGUARDED_AVAILABILITY = YES_AGGRESSIVE;
				CLANG_WARN_UNREACHABLE_CODE = YES;
				CLANG_WARN__DUPLICATE_METHOD_MATCH = YES;
				COPY_PHASE_STRIP = NO;
				DEBUG_INFORMATION_FORMAT = dwarf;
				ENABLE_STRICT_OBJC_MSGSEND = YES;
				ENABLE_TESTABILITY = YES;
				GCC_C_LANGUAGE_STANDARD = gnu11;
				GCC_DYNAMIC_NO_PIC = NO;
				GCC_NO_COMMON_BLOCKS = YES;
				GCC_OPTIMIZATION_LEVEL = 0;
				GCC_PREPROCESSOR_DEFINITIONS = (
					"DEBUG=1",
					"$(inherited)",
				);
				GCC_WARN_64_TO_32_BIT_CONVERSION = YES;
				GCC_WARN_ABOUT_RETURN_TYPE = YES_ERROR;
				GCC_WARN_UNDECLARED_SELECTOR = YES;
				GCC_WARN_UNINITIALIZED_AUTOS = YES_AGGRESSIVE;
				GCC_WARN_UNUSED_FUNCTION = YES;
				GCC_WARN_UNUSED_VARIABLE = YES;
				IPHONEOS_DEPLOYMENT_TARGET = 14.0;
				MTL_ENABLE_DEBUG_INFO = INCLUDE_SOURCE;
				MTL_FAST_MATH = YES;
				ONLY_ACTIVE_ARCH = YES;
				SDKROOT = iphoneos;
				SWIFT_ACTIVE_COMPILATION_CONDITIONS = DEBUG;
				SWIFT_OPTIMIZATION_LEVEL = "-Onone";
			};
			name = Debug;
		};
		1AAC3717253A302500EDD94B /* Release */ = {
			isa = XCBuildConfiguration;
			buildSettings = {
				ALWAYS_SEARCH_USER_PATHS = NO;
				CLANG_ANALYZER_NONNULL = YES;
				CLANG_ANALYZER_NUMBER_OBJECT_CONVERSION = YES_AGGRESSIVE;
				CLANG_CXX_LANGUAGE_STANDARD = "gnu++14";
				CLANG_CXX_LIBRARY = "libc++";
				CLANG_ENABLE_MODULES = YES;
				CLANG_ENABLE_OBJC_ARC = YES;
				CLANG_ENABLE_OBJC_WEAK = YES;
				CLANG_WARN_BLOCK_CAPTURE_AUTORELEASING = YES;
				CLANG_WARN_BOOL_CONVERSION = YES;
				CLANG_WARN_COMMA = YES;
				CLANG_WARN_CONSTANT_CONVERSION = YES;
				CLANG_WARN_DEPRECATED_OBJC_IMPLEMENTATIONS = YES;
				CLANG_WARN_DIRECT_OBJC_ISA_USAGE = YES_ERROR;
				CLANG_WARN_DOCUMENTATION_COMMENTS = YES;
				CLANG_WARN_EMPTY_BODY = YES;
				CLANG_WARN_ENUM_CONVERSION = YES;
				CLANG_WARN_INFINITE_RECURSION = YES;
				CLANG_WARN_INT_CONVERSION = YES;
				CLANG_WARN_NON_LITERAL_NULL_CONVERSION = YES;
				CLANG_WARN_OBJC_IMPLICIT_RETAIN_SELF = YES;
				CLANG_WARN_OBJC_LITERAL_CONVERSION = YES;
				CLANG_WARN_OBJC_ROOT_CLASS = YES_ERROR;
				CLANG_WARN_QUOTED_INCLUDE_IN_FRAMEWORK_HEADER = YES;
				CLANG_WARN_RANGE_LOOP_ANALYSIS = YES;
				CLANG_WARN_STRICT_PROTOTYPES = YES;
				CLANG_WARN_SUSPICIOUS_MOVE = YES;
				CLANG_WARN_UNGUARDED_AVAILABILITY = YES_AGGRESSIVE;
				CLANG_WARN_UNREACHABLE_CODE = YES;
				CLANG_WARN__DUPLICATE_METHOD_MATCH = YES;
				COPY_PHASE_STRIP = NO;
				DEBUG_INFORMATION_FORMAT = "dwarf-with-dsym";
				ENABLE_NS_ASSERTIONS = NO;
				ENABLE_STRICT_OBJC_MSGSEND = YES;
				GCC_C_LANGUAGE_STANDARD = gnu11;
				GCC_NO_COMMON_BLOCKS = YES;
				GCC_WARN_64_TO_32_BIT_CONVERSION = YES;
				GCC_WARN_ABOUT_RETURN_TYPE = YES_ERROR;
				GCC_WARN_UNDECLARED_SELECTOR = YES;
				GCC_WARN_UNINITIALIZED_AUTOS = YES_AGGRESSIVE;
				GCC_WARN_UNUSED_FUNCTION = YES;
				GCC_WARN_UNUSED_VARIABLE = YES;
				IPHONEOS_DEPLOYMENT_TARGET = 14.0;
				MTL_ENABLE_DEBUG_INFO = NO;
				MTL_FAST_MATH = YES;
				SDKROOT = iphoneos;
				SWIFT_COMPILATION_MODE = wholemodule;
				SWIFT_OPTIMIZATION_LEVEL = "-O";
				VALIDATE_PRODUCT = YES;
			};
			name = Release;
		};
		1AAC3719253A302500EDD94B /* Debug */ = {
			isa = XCBuildConfiguration;
			buildSettings = {
				ASSETCATALOG_COMPILER_APPICON_NAME = AppIcon;
				ASSETCATALOG_COMPILER_GLOBAL_ACCENT_COLOR_NAME = AccentColor;
				CODE_SIGN_STYLE = Automatic;
				DEVELOPMENT_ASSET_PATHS = "\"Animations-SwiftUI/Preview Content\"";
				DEVELOPMENT_TEAM = V45L8NX82R;
				ENABLE_PREVIEWS = YES;
				INFOPLIST_FILE = "Animations-SwiftUI/Info.plist";
				IPHONEOS_DEPLOYMENT_TARGET = 14.0;
				LD_RUNPATH_SEARCH_PATHS = (
					"$(inherited)",
					"@executable_path/Frameworks",
				);
				PRODUCT_BUNDLE_IDENTIFIER = "ana.rya.Animations-SwiftUI";
				PRODUCT_NAME = "$(TARGET_NAME)";
				SWIFT_VERSION = 5.0;
				TARGETED_DEVICE_FAMILY = "1,2";
			};
			name = Debug;
		};
		1AAC371A253A302500EDD94B /* Release */ = {
			isa = XCBuildConfiguration;
			buildSettings = {
				ASSETCATALOG_COMPILER_APPICON_NAME = AppIcon;
				ASSETCATALOG_COMPILER_GLOBAL_ACCENT_COLOR_NAME = AccentColor;
				CODE_SIGN_STYLE = Automatic;
				DEVELOPMENT_ASSET_PATHS = "\"Animations-SwiftUI/Preview Content\"";
				DEVELOPMENT_TEAM = V45L8NX82R;
				ENABLE_PREVIEWS = YES;
				INFOPLIST_FILE = "Animations-SwiftUI/Info.plist";
				IPHONEOS_DEPLOYMENT_TARGET = 14.0;
				LD_RUNPATH_SEARCH_PATHS = (
					"$(inherited)",
					"@executable_path/Frameworks",
				);
				PRODUCT_BUNDLE_IDENTIFIER = "ana.rya.Animations-SwiftUI";
				PRODUCT_NAME = "$(TARGET_NAME)";
				SWIFT_VERSION = 5.0;
				TARGETED_DEVICE_FAMILY = "1,2";
			};
			name = Release;
		};
/* End XCBuildConfiguration section */

/* Begin XCConfigurationList section */
		1AAC3704253A302300EDD94B /* Build configuration list for PBXProject "Animations-SwiftUI" */ = {
			isa = XCConfigurationList;
			buildConfigurations = (
				1AAC3716253A302500EDD94B /* Debug */,
				1AAC3717253A302500EDD94B /* Release */,
			);
			defaultConfigurationIsVisible = 0;
			defaultConfigurationName = Release;
		};
		1AAC3718253A302500EDD94B /* Build configuration list for PBXNativeTarget "Animations-SwiftUI" */ = {
			isa = XCConfigurationList;
			buildConfigurations = (
				1AAC3719253A302500EDD94B /* Debug */,
				1AAC371A253A302500EDD94B /* Release */,
			);
			defaultConfigurationIsVisible = 0;
			defaultConfigurationName = Release;
		};
/* End XCConfigurationList section */
	};
	rootObject = 1AAC3701253A302300EDD94B /* Project object */;
}
